github.com/aws/aws-sdk-go v1.19.23 h1:euoy2X3HKkQUtsRXlC9ZuFruesVfKpsAl1brCTphClM=
github.com/aws/aws-sdk-go v1.19.23/go.mod h1:KmX6BPdI08NWTb3/sm4ZGu5ShLoqVDhKgpiN924inxo=
github.com/aws/aws-sdk-go v1.19.24 h1:qOIYaFxcFg07Vdn799ERpGiuUUIEi5MQ2vYib3CNMp4=
github.com/aws/aws-sdk-go v1.19.24/go.mod h1:KmX6BPdI08NWTb3/sm4ZGu5ShLoqVDhKgpiN924inxo=
github.com/aws/aws-sdk-go v1.19.25 h1:8GCNTbGw/BnwH9LDxzqibltbJZCuro+1IohTFa58IDM=
github.com/aws/aws-sdk-go v1.19.25/go.mod h1:KmX6BPdI08NWTb3/sm4ZGu5ShLoqVDhKgpiN924inxo=
github.com/aws/aws-sdk-go v1.19.26 h1:GavKlzJDfYQGoS4jn2F+KYYZlR8QEhrLPfpf8+oJhS4=
github.com/aws/aws-sdk-go v1.19.26/go.mod h1:KmX6BPdI08NWTb3/sm4ZGu5ShLoqVDhKgpiN924inxo=
github.com/aws/aws-sdk-go v1.19.27 h1:pQQ0gJoxZaFwikVRKrR8NoyMY3quqObDNwaD5g2nSBw=
github.com/aws/aws-sdk-go v1.19.27/go.mod h1:KmX6BPdI08NWTb3/sm4ZGu5ShLoqVDhKgpiN924inxo=
github.com/aws/aws-sdk-go v1.19.28 h1:u0KMC+Qv0YVyz8YR6mREEtslSPkdUMzXgDJFD5196O8=
github.com/aws/aws-sdk-go v1.19.28/go.mod h1:KmX6BPdI08NWTb3/sm4ZGu5ShLoqVDhKgpiN924inxo=
github.com/aws/aws-sdk-go v1.19.29 h1:Uusurqi30wm5djEqi3R+9F+TNcGc3aSDSizoPcVp9Sk=
github.com/aws/aws-sdk-go v1.19.29/go.mod h1:KmX6BPdI08NWTb3/sm4ZGu5ShLoqVDhKgpiN924inxo=
github.com/aws/aws-sdk-go v1.19.30 h1:NhNC8JJBITojVJX2iV00UOY5Oyge4N1WCOXqDjB6D4I=
github.com/aws/aws-sdk-go v1.19.30/go.mod h1:KmX6BPdI08NWTb3/sm4ZGu5ShLoqVDhKgpiN924inxo=
github.com/aws/aws-sdk-go v1.19.31 h1:6N7YBci5Nfbedd9k9ZpQlJgAfzuYQqGPSrJ52+Aja1s=
github.com/aws/aws-sdk-go v1.19.31/go.mod h1:KmX6BPdI08NWTb3/sm4ZGu5ShLoqVDhKgpiN924inxo=
github.com/aws/aws-sdk-go v1.19.32 h1:/usjSR6qsKfOKzk4tDNvZq7LqmP5+J0Cq/Uwsr2XVG8=
github.com/aws/aws-sdk-go v1.19.32/go.mod h1:KmX6BPdI08NWTb3/sm4ZGu5ShLoqVDhKgpiN924inxo=
github.com/aws/aws-sdk-go v1.25.10 h1:3epJfNmP6xWkOpLOdhIIj07+9UAJwvbzq8bBzyPigI4=
github.com/aws/aws-sdk-go v1.25.10/go.mod h1:KmX6BPdI08NWTb3/sm4ZGu5ShLoqVDhKgpiN924inxo=
github.com/davecgh/go-spew v1.1.1 h1:vj9j/u1bqnvCEfJOwUhtlOARqs3+rkHYY13jYWTU97c=
github.com/davecgh/go-spew v1.1.1/go.mod h1:J7Y8YcW2NihsgmVo/mv3lAwl/skON4iLHjSsI+c5H38=
github.com/jmespath/go-jmespath v0.0.0-20180206201540-c2b33e8439af h1:pmfjZENx5imkbgOkpRUYLnmbU7UEFbjtDA2hxJ1ichM=
github.com/jmespath/go-jmespath v0.0.0-20180206201540-c2b33e8439af/go.mod h1:Nht3zPeWKUH0NzdCt2Blrr5ys8VGpn0CEB0cQHVjt7k=
github.com/pmezard/go-difflib v1.0.0 h1:4DBwDE0NGyQoBHbLQYPwSUPoCMWR5BEzIk/f1lZbAQM=
github.com/pmezard/go-difflib v1.0.0/go.mod h1:iKH77koFhYxTK1pcRnkKkqfTogsbg7gZNVY4sRDYZ/4=
github.com/stretchr/testify v1.2.2 h1:bSDNvY7ZPG5RlJ8otE/7V6gMiyenm9RtJ7IUVIAoJ1w=
github.com/stretchr/testify v1.2.2/go.mod h1:a8OnRcib4nhh0OaRAV+Yts87kKdq0PP7pXfy6kDkUVs=
golang.org/x/net v0.0.0-20180921000356-2f5d2388922f h1:QM2QVxvDoW9PFSPp/zy9FgxJLfaWTZlS61KEPtBwacM=
golang.org/x/net v0.0.0-20180921000356-2f5d2388922f/go.mod h1:mL1N/T3taQHkDXs73rZJwtUhF3w3ftmwwsq0BUmARs4=
golang.org/x/text v0.3.0 h1:g61tztE5qeGQ89tm6NTjjM9VPIm088od1l6aSorWRWg=
golang.org/x/text v0.3.0/go.mod h1:NqM8EUOU14njkJ3fqMW+pc6Ldnwhi/IjpwHt7yyuwOQ=
